
Microsoft Visual Studio Solution File, Format Version 12.00
# Visual Studio Version 17
VisualStudioVersion = 17.11.35222.181
MinimumVisualStudioVersion = 10.0.40219.1
Project("{FAE04EC0-301F-11D3-BF4B-00C04F79EFBC}") = "DevelopmentNetworkApplicationLess3", "DevelopmentNetworkApplicationLess3\DevelopmentNetworkApplicationLess3.csproj", "{6D743CD8-7131-4316-94B9-939D118749A6}"
EndProject
Global
	GlobalSection(SolutionConfigurationPlatforms) = preSolution
		Debug|Any CPU = Debug|Any CPU
		Release|Any CPU = Release|Any CPU
	EndGlobalSection
	GlobalSection(ProjectConfigurationPlatforms) = postSolution
		{6D743CD8-7131-4316-94B9-939D118749A6}.Debug|Any CPU.ActiveCfg = Debug|Any CPU
		{6D743CD8-7131-4316-94B9-939D118749A6}.Debug|Any CPU.Build.0 = Debug|Any CPU
		{6D743CD8-7131-4316-94B9-939D118749A6}.Release|Any CPU.ActiveCfg = Release|Any CPU
		{6D743CD8-7131-4316-94B9-939D118749A6}.Release|Any CPU.Build.0 = Release|Any CPU
	EndGlobalSection
	GlobalSection(SolutionProperties) = preSolution
		HideSolutionNode = FALSE
	EndGlobalSection
	GlobalSection(ExtensibilityGlobals) = postSolution
		SolutionGuid = {F093044E-6A2B-4D04-BA00-38AAE703F3BA}
	EndGlobalSection
EndGlobal
